{
  "object": {
    "pins": [
      {
        "package": "CSV.swift",
        "repositoryURL": "https://github.com/yaslab/CSV.swift.git",
        "state": {
          "branch": null,
          "revision": "81d2874c51db364d7e1d71b0d99018a294c87ac1",
          "version": "2.4.3"
        }
      },
      {
        "package": "XMLCoder",
        "repositoryURL": "https://github.com/CoreOffice/XMLCoder.git",
        "state": {
          "branch": null,
          "revision": "ca932442d7481700f5434a7b138c47dd42d9902b",
          "version": "0.14.0"
        }
      },
      {
        "package": "ZIPFoundation",
        "repositoryURL": "https://github.com/weichsel/ZIPFoundation.git",
        "state": {
          "branch": null,
          "revision": "f6a22e7da26314b38bf9befce34ae8e4b2543090",
          "version": "0.9.15"
        }
      }
    ]
  },
  "version": 1
}
